// !$*UTF8*$!
{
	archiveVersion = 1;
	classes = {
	};
	objectVersion = 46;
	objects = {

/* Begin PBXBuildFile section */
		FB7B76B51509AE5300D63CFF /* main.c in Sources */ = {isa = PBXBuildFile; fileRef = FB7B76B41509AE5300D63CFF /* main.c */; };
		FB7B76B71509AE5300D63CFF /* fork.1 in CopyFiles */ = {isa = PBXBuildFile; fileRef = FB7B76B61509AE5300D63CFF /* fork.1 */; };
/* End PBXBuildFile section */

/* Begin PBXCopyFilesBuildPhase section */
		FB7B76AE1509AE5300D63CFF /* CopyFiles */ = {
			isa = PBXCopyFilesBuildPhase;
			buildActionMask = 2147483647;
			dstPath = /usr/share/man/man1/;
			dstSubfolderSpec = 0;
			files = (
				FB7B76B71509AE5300D63CFF /* fork.1 in CopyFiles */,
			);
			runOnlyForDeploymentPostprocessing = 1;
		};
/* End PBXCopyFilesBuildPhase section */

/* Begin PBXFileReference section */
		FB7B76B01509AE5300D63CFF /* fork */ = {isa = PBXFileReference; explicitFileType = "compiled.mach-o.executable"; includeInIndex = 0; path = fork; sourceTree = BUILT_PRODUCTS_DIR; };
		FB7B76B41509AE5300D63CFF /* main.c */ = {isa = PBXFileReference; lastKnownFileType = sourcecode.c.c; path = main.c; sourceTree = "<group>"; };
		FB7B76B61509AE5300D63CFF /* fork.1 */ = {isa = PBXFileReference; lastKnownFileType = text.man; path = fork.1; sourceTree = "<group>"; };
/* End PBXFileReference section */

/* Begin PBXFrameworksBuildPhase section */
		FB7B76AD1509AE5300D63CFF /* Frameworks */ = {
			isa = PBXFrameworksBuildPhase;
			buildActionMask = 2147483647;
			files = (
			);
			runOnlyForDeploymentPostprocessing = 0;
		};
/* End PBXFrameworksBuildPhase section */

/* Begin PBXGroup section */
		FB7B76A51509AE5300D63CFF = {
			isa = PBXGroup;
			children = (
				FB7B76B31509AE5300D63CFF /* fork */,
				FB7B76B11509AE5300D63CFF /* Products */,
			);
			sourceTree = "<group>";
		};
		FB7B76B11509AE5300D63CFF /* Products */ = {
			isa = PBXGroup;
			children = (
				FB7B76B01509AE5300D63CFF /* fork */,
			);
			name = Products;
			sourceTree = "<group>";
		};
		FB7B76B31509AE5300D63CFF /* fork */ = {
			isa = PBXGroup;
			children = (
				FB7B76B41509AE5300D63CFF /* main.c */,
				FB7B76B61509AE5300D63CFF /* fork.1 */,
			);
			path = fork;
			sourceTree = "<group>";
		};
/* End PBXGroup section */

/* Begin PBXNativeTarget section */
		FB7B76AF1509AE5300D63CFF /* fork */ = {
			isa = PBXNativeTarget;
			buildConfigurationList = FB7B76BA1509AE5300D63CFF /* Build configuration list for PBXNativeTarget "fork" */;
			buildPhases = (
				FB7B76AC1509AE5300D63CFF /* Sources */,
				FB7B76AD1509AE5300D63CFF /* Frameworks */,
				FB7B76AE1509AE5300D63CFF /* CopyFiles */,
			);
			buildRules = (
			);
			dependencies = (
			);
			name = fork;
			productName = fork;
			productReference = FB7B76B01509AE5300D63CFF /* fork */;
			productType = "com.apple.product-type.tool";
		};
/* End PBXNativeTarget section */

/* Begin PBXProject section */
		FB7B76A71509AE5300D63CFF /* Project object */ = {
			isa = PBXProject;
			attributes = {
				LastUpgradeCheck = 0420;
			};
			buildConfigurationList = FB7B76AA1509AE5300D63CFF /* Build configuration list for PBXProject "fork" */;
			compatibilityVersion = "Xcode 3.2";
			developmentRegion = English;
			hasScannedForEncodings = 0;
			knownRegions = (
				en,
			);
			mainGroup = FB7B76A51509AE5300D63CFF;
			productRefGroup = FB7B76B11509AE5300D63CFF /* Products */;
			projectDirPath = "";
			projectRoot = "";
			targets = (
				FB7B76AF1509AE5300D63CFF /* fork */,
			);
		};
/* End PBXProject section */

/* Begin PBXSourcesBuildPhase section */
		FB7B76AC1509AE5300D63CFF /* Sources */ = {
			isa = PBXSourcesBuildPhase;
			buildActionMask = 2147483647;
			files = (
				FB7B76B51509AE5300D63CFF /* main.c in Sources */,
			);
			runOnlyForDeploymentPostprocessing = 0;
		};
/* End PBXSourcesBuildPhase section */

/* Begin XCBuildConfiguration section */
		FB7B76B81509AE5300D63CFF /* Debug */ = {
			isa = XCBuildConfiguration;
			buildSettings = {
				ALWAYS_SEARCH_USER_PATHS = NO;
				ARCHS = "$(ARCHS_STANDARD_64_BIT)";
				COPY_PHASE_STRIP = NO;
				GCC_C_LANGUAGE_STANDARD = gnu99;
				GCC_DYNAMIC_NO_PIC = NO;
				GCC_ENABLE_OBJC_EXCEPTIONS = YES;
				GCC_OPTIMIZATION_LEVEL = 0;
				GCC_PREPROCESSOR_DEFINITIONS = (
					"DEBUG=1",
					"$(inherited)",
				);
				GCC_SYMBOLS_PRIVATE_EXTERN = NO;
				GCC_VERSION = com.apple.compilers.llvm.clang.1_0;
				GCC_WARN_64_TO_32_BIT_CONVERSION = YES;
				GCC_WARN_ABOUT_MISSING_PROTOTYPES = YES;
				GCC_WARN_ABOUT_RETURN_TYPE = YES;
				GCC_WARN_UNUSED_VARIABLE = YES;
				MACOSX_DEPLOYMENT_TARGET = 10.7;
				ONLY_ACTIVE_ARCH = YES;
				SDKROOT = macosx;
			};
			name = Debug;
		};
		FB7B76B91509AE5300D63CFF /* Release */ = {
			isa = XCBuildConfiguration;
			buildSettings = {
				ALWAYS_SEARCH_USER_PATHS = NO;
				ARCHS = "$(ARCHS_STANDARD_64_BIT)";
				COPY_PHASE_STRIP = YES;
				DEBUG_INFORMATION_FORMAT = "dwarf-with-dsym";
				GCC_C_LANGUAGE_STANDARD = gnu99;
				GCC_ENABLE_OBJC_EXCEPTIONS = YES;
				GCC_VERSION = com.apple.compilers.llvm.clang.1_0;
				GCC_WARN_64_TO_32_BIT_CONVERSION = YES;
				GCC_WARN_ABOUT_MISSING_PROTOTYPES = YES;
				GCC_WARN_ABOUT_RETURN_TYPE = YES;
				GCC_WARN_UNUSED_VARIABLE = YES;
				MACOSX_DEPLOYMENT_TARGET = 10.7;
				SDKROOT = macosx;
			};
			name = Release;
		};
		FB7B76BB1509AE5300D63CFF /* Debug */ = {
			isa = XCBuildConfiguration;
			buildSettings = {
				PRODUCT_NAME = "$(TARGET_NAME)";
			};
			name = Debug;
		};
		FB7B76BC1509AE5300D63CFF /* Release */ = {
			isa = XCBuildConfiguration;
			buildSettings = {
				PRODUCT_NAME = "$(TARGET_NAME)";
			};
			name = Release;
		};
/* End XCBuildConfiguration section */

/* Begin XCConfigurationList section */
		FB7B76AA1509AE5300D63CFF /* Build configuration list for PBXProject "fork" */ = {
			isa = XCConfigurationList;
			buildConfigurations = (
				FB7B76B81509AE5300D63CFF /* Debug */,
				FB7B76B91509AE5300D63CFF /* Release */,
			);
			defaultConfigurationIsVisible = 0;
			defaultConfigurationName = Release;
		};
		FB7B76BA1509AE5300D63CFF /* Build configuration list for PBXNativeTarget "fork" */ = {
			isa = XCConfigurationList;
			buildConfigurations = (
				FB7B76BB1509AE5300D63CFF /* Debug */,
				FB7B76BC1509AE5300D63CFF /* Release */,
			);
			defaultConfigurationIsVisible = 0;
		};
/* End XCConfigurationList section */
	};
	rootObject = FB7B76A71509AE5300D63CFF /* Project object */;
}
